// !$*UTF8*$!
{
	archiveVersion = 1;
	classes = {
	};
	objectVersion = 77;
	objects = {

/* Begin PBXBuildFile section */
		FC6C2A1A2F734E2800E5CEAC /* PrivacyInfo.xcprivacy in Resources */ = {isa = PBXBuildFile; fileRef = FC6C2A192F734E2800E5CEAC /* PrivacyInfo.xcprivacy */; };
		FC81B11D2F734DDE00E56099 /* AppDelegate.swift in Sources */ = {isa = PBXBuildFile; fileRef = FC81B11C2F734DDE00E56099 /* AppDelegate.swift */; };
		FC81B1212F734DDE00E56099 /* Main.html in Resources */ = {isa = PBXBuildFile; fileRef = FC81B11F2F734DDE00E56099 /* Main.html */; };
		FC81B1232F734DDE00E56099 /* Icon.png in Resources */ = {isa = PBXBuildFile; fileRef = FC81B1222F734DDE00E56099 /* Icon.png */; };
		FC81B1252F734DDE00E56099 /* Style.css in Resources */ = {isa = PBXBuildFile; fileRef = FC81B1242F734DDE00E56099 /* Style.css */; };
		FC81B1272F734DDE00E56099 /* SceneDelegate.swift in Sources */ = {isa = PBXBuildFile; fileRef = FC81B1262F734DDE00E56099 /* SceneDelegate.swift */; };
		FC81B1292F734DDE00E56099 /* ViewController.swift in Sources */ = {isa = PBXBuildFile; fileRef = FC81B1282F734DDE00E56099 /* ViewController.swift */; };
		FC81B12C2F734DDE00E56099 /* LaunchScreen.storyboard in Resources */ = {isa = PBXBuildFile; fileRef = FC81B12A2F734DDE00E56099 /* LaunchScreen.storyboard */; };
		FC81B12F2F734DDE00E56099 /* Main.storyboard in Resources */ = {isa = PBXBuildFile; fileRef = FC81B12D2F734DDE00E56099 /* Main.storyboard */; };
		FC81B1372F734DDF00E56099 /* Still Extension.appex in Embed Foundation Extensions */ = {isa = PBXBuildFile; fileRef = FC81B1362F734DDF00E56099 /* Still Extension.appex */; settings = {ATTRIBUTES = (RemoveHeadersOnCopy, ); }; };
		FC81B13C2F734DDF00E56099 /* SafariWebExtensionHandler.swift in Sources */ = {isa = PBXBuildFile; fileRef = FC81B13B2F734DDF00E56099 /* SafariWebExtensionHandler.swift */; };
		FC81B13E2F734DDF00E56099 /* Assets.xcassets in Resources */ = {isa = PBXBuildFile; fileRef = FC81B1302F734DDE00E56099 /* Assets.xcassets */; };
		FC81B1522F734DDF00E56099 /* popup.js in Resources */ = {isa = PBXBuildFile; fileRef = FC81B1492F734DDF00E56099 /* popup.js */; };
		FC81B1532F734DDF00E56099 /* background.js in Resources */ = {isa = PBXBuildFile; fileRef = FC81B14A2F734DDF00E56099 /* background.js */; };
		FC81B1542F734DDF00E56099 /* popup.html in Resources */ = {isa = PBXBuildFile; fileRef = FC81B14B2F734DDF00E56099 /* popup.html */; };
		FC81B1552F734DDF00E56099 /* _metadata in Resources */ = {isa = PBXBuildFile; fileRef = FC81B14C2F734DDF00E56099 /* _metadata */; };
		FC81B1562F734DDF00E56099 /* icons in Resources */ = {isa = PBXBuildFile; fileRef = FC81B14D2F734DDF00E56099 /* icons */; };
		FC81B1572F734DDF00E56099 /* manifest.json in Resources */ = {isa = PBXBuildFile; fileRef = FC81B14E2F734DDF00E56099 /* manifest.json */; };
		FC81B1582F734DDF00E56099 /* rules in Resources */ = {isa = PBXBuildFile; fileRef = FC81B14F2F734DDF00E56099 /* rules */; };
		FC81B1592F734DDF00E56099 /* popup.css in Resources */ = {isa = PBXBuildFile; fileRef = FC81B1502F734DDF00E56099 /* popup.css */; };
		FC81B15A2F734DDF00E56099 /* content.js in Resources */ = {isa = PBXBuildFile; fileRef = FC81B1512F734DDF00E56099 /* content.js */; };
		1E181FF1AEF142F485365625 /* main-world-patch.js in Resources */ = {isa = PBXBuildFile; fileRef = 465B1C11FB21456A9E0C3F79 /* main-world-patch.js */; };
		A7E98BF945CC4591A4AE74F2 /* host-rules.json in Resources */ = {isa = PBXBuildFile; fileRef = F4D0E8FA40AD41ED88CA26D4 /* host-rules.json */; };
/* End PBXBuildFile section */

/* Begin PBXContainerItemProxy section */
		FC81B1382F734DDF00E56099 /* PBXContainerItemProxy */ = {
			isa = PBXContainerItemProxy;
			containerPortal = FC81B1112F734DDE00E56099 /* Project object */;
			proxyType = 1;
			remoteGlobalIDString = FC81B1352F734DDF00E56099;
			remoteInfo = "Still Extension";
		};
/* End PBXContainerItemProxy section */

/* Begin PBXCopyFilesBuildPhase section */
		FC81B1442F734DDF00E56099 /* Embed Foundation Extensions */ = {
			isa = PBXCopyFilesBuildPhase;
			buildActionMask = 2147483647;
			dstPath = "";
			dstSubfolderSpec = 13;
			files = (
				FC81B1372F734DDF00E56099 /* Still Extension.appex in Embed Foundation Extensions */,
			);
			name = "Embed Foundation Extensions";
			runOnlyForDeploymentPostprocessing = 0;
		};
/* End PBXCopyFilesBuildPhase section */

/* Begin PBXFileReference section */
		FC6C2A192F734E2800E5CEAC /* PrivacyInfo.xcprivacy */ = {isa = PBXFileReference; lastKnownFileType = text.xml; path = PrivacyInfo.xcprivacy; sourceTree = "<group>"; };
		FC81B1192F734DDE00E56099 /* Still.app */ = {isa = PBXFileReference; explicitFileType = wrapper.application; includeInIndex = 0; path = Still.app; sourceTree = BUILT_PRODUCTS_DIR; };
		FC81B11C2F734DDE00E56099 /* AppDelegate.swift */ = {isa = PBXFileReference; lastKnownFileType = sourcecode.swift; path = AppDelegate.swift; sourceTree = "<group>"; };
		FC81B1202F734DDE00E56099 /* Base */ = {isa = PBXFileReference; lastKnownFileType = text.html; name = Base; path = Base.lproj/Main.html; sourceTree = "<group>"; };
		FC81B1222F734DDE00E56099 /* Icon.png */ = {isa = PBXFileReference; lastKnownFileType = image.png; path = Icon.png; sourceTree = "<group>"; };
		FC81B1242F734DDE00E56099 /* Style.css */ = {isa = PBXFileReference; lastKnownFileType = text.css; path = Style.css; sourceTree = "<group>"; };
		FC81B1262F734DDE00E56099 /* SceneDelegate.swift */ = {isa = PBXFileReference; lastKnownFileType = sourcecode.swift; path = SceneDelegate.swift; sourceTree = "<group>"; };
		FC81B1282F734DDE00E56099 /* ViewController.swift */ = {isa = PBXFileReference; lastKnownFileType = sourcecode.swift; path = ViewController.swift; sourceTree = "<group>"; };
		FC81B12B2F734DDE00E56099 /* Base */ = {isa = PBXFileReference; lastKnownFileType = file.storyboard; name = Base; path = Base.lproj/LaunchScreen.storyboard; sourceTree = "<group>"; };
		FC81B12E2F734DDE00E56099 /* Base */ = {isa = PBXFileReference; lastKnownFileType = file.storyboard; name = Base; path = Base.lproj/Main.storyboard; sourceTree = "<group>"; };
		FC81B1302F734DDE00E56099 /* Assets.xcassets */ = {isa = PBXFileReference; lastKnownFileType = folder.assetcatalog; path = Assets.xcassets; sourceTree = "<group>"; };
		FC81B1312F734DDE00E56099 /* Info.plist */ = {isa = PBXFileReference; lastKnownFileType = text.plist.xml; path = Info.plist; sourceTree = "<group>"; };
		FC81B1362F734DDF00E56099 /* Still Extension.appex */ = {isa = PBXFileReference; explicitFileType = "wrapper.app-extension"; includeInIndex = 0; path = "Still Extension.appex"; sourceTree = BUILT_PRODUCTS_DIR; };
		FC81B13B2F734DDF00E56099 /* SafariWebExtensionHandler.swift */ = {isa = PBXFileReference; lastKnownFileType = sourcecode.swift; path = SafariWebExtensionHandler.swift; sourceTree = "<group>"; };
		FC81B13D2F734DDF00E56099 /* Info.plist */ = {isa = PBXFileReference; lastKnownFileType = text.plist.xml; path = Info.plist; sourceTree = "<group>"; };
		FC81B1492F734DDF00E56099 /* popup.js */ = {isa = PBXFileReference; lastKnownFileType = sourcecode.javascript; name = popup.js; path = Resources/popup.js; sourceTree = "<group>"; };
		FC81B14A2F734DDF00E56099 /* background.js */ = {isa = PBXFileReference; lastKnownFileType = sourcecode.javascript; name = background.js; path = Resources/background.js; sourceTree = "<group>"; };
		FC81B14B2F734DDF00E56099 /* popup.html */ = {isa = PBXFileReference; lastKnownFileType = text.html; name = popup.html; path = Resources/popup.html; sourceTree = "<group>"; };
		FC81B14C2F734DDF00E56099 /* _metadata */ = {isa = PBXFileReference; lastKnownFileType = folder; name = _metadata; path = Resources/_metadata; sourceTree = "<group>"; };
		FC81B14D2F734DDF00E56099 /* icons */ = {isa = PBXFileReference; lastKnownFileType = folder; name = icons; path = Resources/icons; sourceTree = "<group>"; };
		FC81B14E2F734DDF00E56099 /* manifest.json */ = {isa = PBXFileReference; lastKnownFileType = text.json; name = manifest.json; path = Resources/manifest.json; sourceTree = "<group>"; };
		FC81B14F2F734DDF00E56099 /* rules */ = {isa = PBXFileReference; lastKnownFileType = folder; name = rules; path = Resources/rules; sourceTree = "<group>"; };
		FC81B1502F734DDF00E56099 /* popup.css */ = {isa = PBXFileReference; lastKnownFileType = text.css; name = popup.css; path = Resources/popup.css; sourceTree = "<group>"; };
		FC81B1512F734DDF00E56099 /* content.js */ = {isa = PBXFileReference; lastKnownFileType = sourcecode.javascript; name = content.js; path = Resources/content.js; sourceTree = "<group>"; };
		465B1C11FB21456A9E0C3F79 /* main-world-patch.js */ = {isa = PBXFileReference; lastKnownFileType = sourcecode.javascript; name = "main-world-patch.js"; path = "Resources/main-world-patch.js"; sourceTree = "<group>"; };
		F4D0E8FA40AD41ED88CA26D4 /* host-rules.json */ = {isa = PBXFileReference; lastKnownFileType = text.json; name = "host-rules.json"; path = "Resources/host-rules.json"; sourceTree = "<group>"; };
/* End PBXFileReference section */

/* Begin PBXFrameworksBuildPhase section */
		FC81B1162F734DDE00E56099 /* Frameworks */ = {
			isa = PBXFrameworksBuildPhase;
			buildActionMask = 2147483647;
			files = (
			);
			runOnlyForDeploymentPostprocessing = 0;
		};
		FC81B1332F734DDF00E56099 /* Frameworks */ = {
			isa = PBXFrameworksBuildPhase;
			buildActionMask = 2147483647;
			files = (
			);
			runOnlyForDeploymentPostprocessing = 0;
		};
/* End PBXFrameworksBuildPhase section */

/* Begin PBXGroup section */
		FC81B1102F734DDE00E56099 = {
			isa = PBXGroup;
			children = (
				FC81B11B2F734DDE00E56099 /* Still */,
				FC81B13A2F734DDF00E56099 /* Still Extension */,
				FC81B11A2F734DDE00E56099 /* Products */,
				FC6C2A192F734E2800E5CEAC /* PrivacyInfo.xcprivacy */,
			);
			sourceTree = "<group>";
		};
		FC81B11A2F734DDE00E56099 /* Products */ = {
			isa = PBXGroup;
			children = (
				FC81B1192F734DDE00E56099 /* Still.app */,
				FC81B1362F734DDF00E56099 /* Still Extension.appex */,
			);
			name = Products;
			sourceTree = "<group>";
		};
		FC81B11B2F734DDE00E56099 /* Still */ = {
			isa = PBXGroup;
			children = (
				FC81B11C2F734DDE00E56099 /* AppDelegate.swift */,
				FC81B1262F734DDE00E56099 /* SceneDelegate.swift */,
				FC81B1282F734DDE00E56099 /* ViewController.swift */,
				FC81B12A2F734DDE00E56099 /* LaunchScreen.storyboard */,
				FC81B12D2F734DDE00E56099 /* Main.storyboard */,
				FC81B1302F734DDE00E56099 /* Assets.xcassets */,
				FC81B1312F734DDE00E56099 /* Info.plist */,
				FC81B11E2F734DDE00E56099 /* Resources */,
			);
			path = Still;
			sourceTree = "<group>";
		};
		FC81B11E2F734DDE00E56099 /* Resources */ = {
			isa = PBXGroup;
			children = (
				FC81B11F2F734DDE00E56099 /* Main.html */,
				FC81B1222F734DDE00E56099 /* Icon.png */,
				FC81B1242F734DDE00E56099 /* Style.css */,
			);
			path = Resources;
			sourceTree = "<group>";
		};
		FC81B13A2F734DDF00E56099 /* Still Extension */ = {
			isa = PBXGroup;
			children = (
				FC81B1482F734DDF00E56099 /* Resources */,
				FC81B13B2F734DDF00E56099 /* SafariWebExtensionHandler.swift */,
				FC81B13D2F734DDF00E56099 /* Info.plist */,
			);
			path = "Still Extension";
			sourceTree = "<group>";
		};
		FC81B1482F734DDF00E56099 /* Resources */ = {
			isa = PBXGroup;
			children = (
				FC81B1492F734DDF00E56099 /* popup.js */,
				FC81B14A2F734DDF00E56099 /* background.js */,
				FC81B14B2F734DDF00E56099 /* popup.html */,
				FC81B14C2F734DDF00E56099 /* _metadata */,
				FC81B14D2F734DDF00E56099 /* icons */,
				FC81B14E2F734DDF00E56099 /* manifest.json */,
				FC81B14F2F734DDF00E56099 /* rules */,
				FC81B1502F734DDF00E56099 /* popup.css */,
				FC81B1512F734DDF00E56099 /* content.js */,
				465B1C11FB21456A9E0C3F79 /* main-world-patch.js */,
				F4D0E8FA40AD41ED88CA26D4 /* host-rules.json */,
			);
			name = Resources;
			path = "Still Extension";
			sourceTree = SOURCE_ROOT;
		};
/* End PBXGroup section */

/* Begin PBXNativeTarget section */
		FC81B1182F734DDE00E56099 /* Still */ = {
			isa = PBXNativeTarget;
			buildConfigurationList = FC81B1452F734DDF00E56099 /* Build configuration list for PBXNativeTarget "Still" */;
			buildPhases = (
				FC81B1152F734DDE00E56099 /* Sources */,
				FC81B1162F734DDE00E56099 /* Frameworks */,
				FC81B1172F734DDE00E56099 /* Resources */,
				FC81B1442F734DDF00E56099 /* Embed Foundation Extensions */,
			);
			buildRules = (
			);
			dependencies = (
				FC81B1392F734DDF00E56099 /* PBXTargetDependency */,
			);
			name = Still;
			packageProductDependencies = (
			);
			productName = Still;
			productReference = FC81B1192F734DDE00E56099 /* Still.app */;
			productType = "com.apple.product-type.application";
		};
		FC81B1352F734DDF00E56099 /* Still Extension */ = {
			isa = PBXNativeTarget;
			buildConfigurationList = FC81B1412F734DDF00E56099 /* Build configuration list for PBXNativeTarget "Still Extension" */;
			buildPhases = (
				FC81B1322F734DDF00E56099 /* Sources */,
				FC81B1332F734DDF00E56099 /* Frameworks */,
				FC81B1342F734DDF00E56099 /* Resources */,
			);
			buildRules = (
			);
			dependencies = (
			);
			name = "Still Extension";
			packageProductDependencies = (
			);
			productName = "Still Extension";
			productReference = FC81B1362F734DDF00E56099 /* Still Extension.appex */;
			productType = "com.apple.product-type.app-extension";
		};
/* End PBXNativeTarget section */

/* Begin PBXProject section */
		FC81B1112F734DDE00E56099 /* Project object */ = {
			isa = PBXProject;
			attributes = {
				BuildIndependentTargetsInParallel = 1;
				LastSwiftUpdateCheck = 2630;
				LastUpgradeCheck = 2630;
				TargetAttributes = {
					FC81B1182F734DDE00E56099 = {
						CreatedOnToolsVersion = 26.3;
					};
					FC81B1352F734DDF00E56099 = {
						CreatedOnToolsVersion = 26.3;
					};
				};
			};
			buildConfigurationList = FC81B1142F734DDE00E56099 /* Build configuration list for PBXProject "Still" */;
			developmentRegion = en;
			hasScannedForEncodings = 0;
			knownRegions = (
				en,
				Base,
			);
			mainGroup = FC81B1102F734DDE00E56099;
			minimizedProjectReferenceProxies = 1;
			preferredProjectObjectVersion = 77;
			productRefGroup = FC81B11A2F734DDE00E56099 /* Products */;
			projectDirPath = "";
			projectRoot = "";
			targets = (
				FC81B1182F734DDE00E56099 /* Still */,
				FC81B1352F734DDF00E56099 /* Still Extension */,
			);
		};
/* End PBXProject section */

/* Begin PBXResourcesBuildPhase section */
		FC81B1172F734DDE00E56099 /* Resources */ = {
			isa = PBXResourcesBuildPhase;
			buildActionMask = 2147483647;
			files = (
				FC81B1232F734DDE00E56099 /* Icon.png in Resources */,
				FC6C2A1A2F734E2800E5CEAC /* PrivacyInfo.xcprivacy in Resources */,
				FC81B12F2F734DDE00E56099 /* Main.storyboard in Resources */,
				FC81B12C2F734DDE00E56099 /* LaunchScreen.storyboard in Resources */,
				FC81B1212F734DDE00E56099 /* Main.html in Resources */,
				FC81B13E2F734DDF00E56099 /* Assets.xcassets in Resources */,
				FC81B1252F734DDE00E56099 /* Style.css in Resources */,
			);
			runOnlyForDeploymentPostprocessing = 0;
		};
		FC81B1342F734DDF00E56099 /* Resources */ = {
			isa = PBXResourcesBuildPhase;
			buildActionMask = 2147483647;
			files = (
				FC81B1582F734DDF00E56099 /* rules in Resources */,
				FC81B1532F734DDF00E56099 /* background.js in Resources */,
				FC81B1552F734DDF00E56099 /* _metadata in Resources */,
				FC81B1542F734DDF00E56099 /* popup.html in Resources */,
				FC81B1592F734DDF00E56099 /* popup.css in Resources */,
				FC81B1562F734DDF00E56099 /* icons in Resources */,
				FC81B15A2F734DDF00E56099 /* content.js in Resources */,
				FC81B1572F734DDF00E56099 /* manifest.json in Resources */,
				FC81B1522F734DDF00E56099 /* popup.js in Resources */,
				1E181FF1AEF142F485365625 /* main-world-patch.js in Resources */,
				A7E98BF945CC4591A4AE74F2 /* host-rules.json in Resources */,
			);
			runOnlyForDeploymentPostprocessing = 0;
		};
/* End PBXResourcesBuildPhase section */

/* Begin PBXSourcesBuildPhase section */
		FC81B1152F734DDE00E56099 /* Sources */ = {
			isa = PBXSourcesBuildPhase;
			buildActionMask = 2147483647;
			files = (
				FC81B1292F734DDE00E56099 /* ViewController.swift in Sources */,
				FC81B11D2F734DDE00E56099 /* AppDelegate.swift in Sources */,
				FC81B1272F734DDE00E56099 /* SceneDelegate.swift in Sources */,
			);
			runOnlyForDeploymentPostprocessing = 0;
		};
		FC81B1322F734DDF00E56099 /* Sources */ = {
			isa = PBXSourcesBuildPhase;
			buildActionMask = 2147483647;
			files = (
				FC81B13C2F734DDF00E56099 /* SafariWebExtensionHandler.swift in Sources */,
			);
			runOnlyForDeploymentPostprocessing = 0;
		};
/* End PBXSourcesBuildPhase section */

/* Begin PBXTargetDependency section */
		FC81B1392F734DDF00E56099 /* PBXTargetDependency */ = {
			isa = PBXTargetDependency;
			target = FC81B1352F734DDF00E56099 /* Still Extension */;
			targetProxy = FC81B1382F734DDF00E56099 /* PBXContainerItemProxy */;
		};
/* End PBXTargetDependency section */

/* Begin PBXVariantGroup section */
		FC81B11F2F734DDE00E56099 /* Main.html */ = {
			isa = PBXVariantGroup;
			children = (
				FC81B1202F734DDE00E56099 /* Base */,
			);
			name = Main.html;
			sourceTree = "<group>";
		};
		FC81B12A2F734DDE00E56099 /* LaunchScreen.storyboard */ = {
			isa = PBXVariantGroup;
			children = (
				FC81B12B2F734DDE00E56099 /* Base */,
			);
			name = LaunchScreen.storyboard;
			sourceTree = "<group>";
		};
		FC81B12D2F734DDE00E56099 /* Main.storyboard */ = {
			isa = PBXVariantGroup;
			children = (
				FC81B12E2F734DDE00E56099 /* Base */,
			);
			name = Main.storyboard;
			sourceTree = "<group>";
		};
/* End PBXVariantGroup section */

/* Begin XCBuildConfiguration section */
		FC81B13F2F734DDF00E56099 /* Debug */ = {
			isa = XCBuildConfiguration;
			buildSettings = {
				ALWAYS_SEARCH_USER_PATHS = NO;
				ASSETCATALOG_COMPILER_GENERATE_SWIFT_ASSET_SYMBOL_EXTENSIONS = YES;
				CLANG_ANALYZER_NONNULL = YES;
				CLANG_ANALYZER_NUMBER_OBJECT_CONVERSION = YES_AGGRESSIVE;
				CLANG_CXX_LANGUAGE_STANDARD = "gnu++20";
				CLANG_ENABLE_MODULES = YES;
				CLANG_ENABLE_OBJC_ARC = YES;
				CLANG_ENABLE_OBJC_WEAK = YES;
				CLANG_WARN_BLOCK_CAPTURE_AUTORELEASING = YES;
				CLANG_WARN_BOOL_CONVERSION = YES;
				CLANG_WARN_COMMA = YES;
				CLANG_WARN_CONSTANT_CONVERSION = YES;
				CLANG_WARN_DEPRECATED_OBJC_IMPLEMENTATIONS = YES;
				CLANG_WARN_DIRECT_OBJC_ISA_USAGE = YES_ERROR;
				CLANG_WARN_DOCUMENTATION_COMMENTS = YES;
				CLANG_WARN_EMPTY_BODY = YES;
				CLANG_WARN_ENUM_CONVERSION = YES;
				CLANG_WARN_INFINITE_RECURSION = YES;
				CLANG_WARN_INT_CONVERSION = YES;
				CLANG_WARN_NON_LITERAL_NULL_CONVERSION = YES;
				CLANG_WARN_OBJC_IMPLICIT_RETAIN_SELF = YES;
				CLANG_WARN_OBJC_LITERAL_CONVERSION = YES;
				CLANG_WARN_OBJC_ROOT_CLASS = YES_ERROR;
				CLANG_WARN_QUOTED_INCLUDE_IN_FRAMEWORK_HEADER = YES;
				CLANG_WARN_RANGE_LOOP_ANALYSIS = YES;
				CLANG_WARN_STRICT_PROTOTYPES = YES;
				CLANG_WARN_SUSPICIOUS_MOVE = YES;
				CLANG_WARN_UNGUARDED_AVAILABILITY = YES_AGGRESSIVE;
				CLANG_WARN_UNREACHABLE_CODE = YES;
				CLANG_WARN__DUPLICATE_METHOD_MATCH = YES;
				COPY_PHASE_STRIP = NO;
				DEBUG_INFORMATION_FORMAT = dwarf;
				ENABLE_STRICT_OBJC_MSGSEND = YES;
				ENABLE_TESTABILITY = YES;
				ENABLE_USER_SCRIPT_SANDBOXING = YES;
				GCC_C_LANGUAGE_STANDARD = gnu17;
				GCC_DYNAMIC_NO_PIC = NO;
				GCC_NO_COMMON_BLOCKS = YES;
				GCC_OPTIMIZATION_LEVEL = 0;
				GCC_PREPROCESSOR_DEFINITIONS = (
					"DEBUG=1",
					"$(inherited)",
				);
				GCC_WARN_64_TO_32_BIT_CONVERSION = YES;
				GCC_WARN_ABOUT_RETURN_TYPE = YES_ERROR;
				GCC_WARN_UNDECLARED_SELECTOR = YES;
				GCC_WARN_UNINITIALIZED_AUTOS = YES_AGGRESSIVE;
				GCC_WARN_UNUSED_FUNCTION = YES;
				GCC_WARN_UNUSED_VARIABLE = YES;
				IPHONEOS_DEPLOYMENT_TARGET = 26.2;
				LOCALIZATION_PREFERS_STRING_CATALOGS = YES;
				MTL_ENABLE_DEBUG_INFO = INCLUDE_SOURCE;
				MTL_FAST_MATH = YES;
				ONLY_ACTIVE_ARCH = YES;
				SDKROOT = iphoneos;
				SWIFT_ACTIVE_COMPILATION_CONDITIONS = "DEBUG $(inherited)";
				SWIFT_OPTIMIZATION_LEVEL = "-Onone";
			};
			name = Debug;
		};
		FC81B1402F734DDF00E56099 /* Release */ = {
			isa = XCBuildConfiguration;
			buildSettings = {
				ALWAYS_SEARCH_USER_PATHS = NO;
				ASSETCATALOG_COMPILER_GENERATE_SWIFT_ASSET_SYMBOL_EXTENSIONS = YES;
				CLANG_ANALYZER_NONNULL = YES;
				CLANG_ANALYZER_NUMBER_OBJECT_CONVERSION = YES_AGGRESSIVE;
				CLANG_CXX_LANGUAGE_STANDARD = "gnu++20";
				CLANG_ENABLE_MODULES = YES;
				CLANG_ENABLE_OBJC_ARC = YES;
				CLANG_ENABLE_OBJC_WEAK = YES;
				CLANG_WARN_BLOCK_CAPTURE_AUTORELEASING = YES;
				CLANG_WARN_BOOL_CONVERSION = YES;
				CLANG_WARN_COMMA = YES;
				CLANG_WARN_CONSTANT_CONVERSION = YES;
				CLANG_WARN_DEPRECATED_OBJC_IMPLEMENTATIONS = YES;
				CLANG_WARN_DIRECT_OBJC_ISA_USAGE = YES_ERROR;
				CLANG_WARN_DOCUMENTATION_COMMENTS = YES;
				CLANG_WARN_EMPTY_BODY = YES;
				CLANG_WARN_ENUM_CONVERSION = YES;
				CLANG_WARN_INFINITE_RECURSION = YES;
				CLANG_WARN_INT_CONVERSION = YES;
				CLANG_WARN_NON_LITERAL_NULL_CONVERSION = YES;
				CLANG_WARN_OBJC_IMPLICIT_RETAIN_SELF = YES;
				CLANG_WARN_OBJC_LITERAL_CONVERSION = YES;
				CLANG_WARN_OBJC_ROOT_CLASS = YES_ERROR;
				CLANG_WARN_QUOTED_INCLUDE_IN_FRAMEWORK_HEADER = YES;
				CLANG_WARN_RANGE_LOOP_ANALYSIS = YES;
				CLANG_WARN_STRICT_PROTOTYPES = YES;
				CLANG_WARN_SUSPICIOUS_MOVE = YES;
				CLANG_WARN_UNGUARDED_AVAILABILITY = YES_AGGRESSIVE;
				CLANG_WARN_UNREACHABLE_CODE = YES;
				CLANG_WARN__DUPLICATE_METHOD_MATCH = YES;
				COPY_PHASE_STRIP = NO;
				DEBUG_INFORMATION_FORMAT = "dwarf-with-dsym";
				ENABLE_NS_ASSERTIONS = NO;
				ENABLE_STRICT_OBJC_MSGSEND = YES;
				ENABLE_USER_SCRIPT_SANDBOXING = YES;
				GCC_C_LANGUAGE_STANDARD = gnu17;
				GCC_NO_COMMON_BLOCKS = YES;
				GCC_WARN_64_TO_32_BIT_CONVERSION = YES;
				GCC_WARN_ABOUT_RETURN_TYPE = YES_ERROR;
				GCC_WARN_UNDECLARED_SELECTOR = YES;
				GCC_WARN_UNINITIALIZED_AUTOS = YES_AGGRESSIVE;
				GCC_WARN_UNUSED_FUNCTION = YES;
				GCC_WARN_UNUSED_VARIABLE = YES;
				IPHONEOS_DEPLOYMENT_TARGET = 26.2;
				LOCALIZATION_PREFERS_STRING_CATALOGS = YES;
				MTL_ENABLE_DEBUG_INFO = NO;
				MTL_FAST_MATH = YES;
				SDKROOT = iphoneos;
				SWIFT_COMPILATION_MODE = wholemodule;
				VALIDATE_PRODUCT = YES;
			};
			name = Release;
		};
		FC81B1422F734DDF00E56099 /* Debug */ = {
			isa = XCBuildConfiguration;
			buildSettings = {
				CODE_SIGN_STYLE = Automatic;
				CURRENT_PROJECT_VERSION = 2;
				DEVELOPMENT_TEAM = 55XHFQJ4X3;
				GENERATE_INFOPLIST_FILE = YES;
				INFOPLIST_FILE = "Still Extension/Info.plist";
				INFOPLIST_KEY_CFBundleDisplayName = "Still Extension";
				INFOPLIST_KEY_NSHumanReadableCopyright = "";
				IPHONEOS_DEPLOYMENT_TARGET = 15.0;
				LD_RUNPATH_SEARCH_PATHS = (
					"$(inherited)",
					"@executable_path/Frameworks",
					"@executable_path/../../Frameworks",
				);
				MARKETING_VERSION = 1.3;
				OTHER_LDFLAGS = (
					"-framework",
					SafariServices,
				);
				PRODUCT_BUNDLE_IDENTIFIER = com.jonbaker.still.Extension;
				PRODUCT_NAME = "$(TARGET_NAME)";
				SKIP_INSTALL = YES;
				STRING_CATALOG_GENERATE_SYMBOLS = YES;
				SWIFT_APPROACHABLE_CONCURRENCY = YES;
				SWIFT_EMIT_LOC_STRINGS = YES;
				SWIFT_UPCOMING_FEATURE_MEMBER_IMPORT_VISIBILITY = YES;
				SWIFT_VERSION = 5.0;
				TARGETED_DEVICE_FAMILY = "1,2";
			};
			name = Debug;
		};
		FC81B1432F734DDF00E56099 /* Release */ = {
			isa = XCBuildConfiguration;
			buildSettings = {
				CODE_SIGN_STYLE = Automatic;
				CURRENT_PROJECT_VERSION = 2;
				DEVELOPMENT_TEAM = 55XHFQJ4X3;
				GENERATE_INFOPLIST_FILE = YES;
				INFOPLIST_FILE = "Still Extension/Info.plist";
				INFOPLIST_KEY_CFBundleDisplayName = "Still Extension";
				INFOPLIST_KEY_NSHumanReadableCopyright = "";
				IPHONEOS_DEPLOYMENT_TARGET = 15.0;
				LD_RUNPATH_SEARCH_PATHS = (
					"$(inherited)",
					"@executable_path/Frameworks",
					"@executable_path/../../Frameworks",
				);
				MARKETING_VERSION = 1.3;
				OTHER_LDFLAGS = (
					"-framework",
					SafariServices,
				);
				PRODUCT_BUNDLE_IDENTIFIER = com.jonbaker.still.Extension;
				PRODUCT_NAME = "$(TARGET_NAME)";
				SKIP_INSTALL = YES;
				STRING_CATALOG_GENERATE_SYMBOLS = YES;
				SWIFT_APPROACHABLE_CONCURRENCY = YES;
				SWIFT_EMIT_LOC_STRINGS = YES;
				SWIFT_UPCOMING_FEATURE_MEMBER_IMPORT_VISIBILITY = YES;
				SWIFT_VERSION = 5.0;
				TARGETED_DEVICE_FAMILY = "1,2";
			};
			name = Release;
		};
		FC81B1462F734DDF00E56099 /* Debug */ = {
			isa = XCBuildConfiguration;
			buildSettings = {
				ASSETCATALOG_COMPILER_APPICON_NAME = AppIcon;
				ASSETCATALOG_COMPILER_GLOBAL_ACCENT_COLOR_NAME = AccentColor;
				CODE_SIGN_STYLE = Automatic;
				CURRENT_PROJECT_VERSION = 2;
				DEVELOPMENT_TEAM = 55XHFQJ4X3;
				GENERATE_INFOPLIST_FILE = YES;
				INFOPLIST_FILE = Still/Info.plist;
				INFOPLIST_KEY_CFBundleDisplayName = Still;
				INFOPLIST_KEY_UIApplicationSupportsIndirectInputEvents = YES;
				INFOPLIST_KEY_UILaunchStoryboardName = LaunchScreen;
				INFOPLIST_KEY_UIMainStoryboardFile = Main;
				INFOPLIST_KEY_UISupportedInterfaceOrientations_iPad = "UIInterfaceOrientationPortrait UIInterfaceOrientationPortraitUpsideDown UIInterfaceOrientationLandscapeLeft UIInterfaceOrientationLandscapeRight";
				INFOPLIST_KEY_UISupportedInterfaceOrientations_iPhone = "UIInterfaceOrientationPortrait UIInterfaceOrientationLandscapeLeft UIInterfaceOrientationLandscapeRight";
				IPHONEOS_DEPLOYMENT_TARGET = 15.0;
				LD_RUNPATH_SEARCH_PATHS = (
					"$(inherited)",
					"@executable_path/Frameworks",
				);
				MARKETING_VERSION = 1.3;
				OTHER_LDFLAGS = (
					"-framework",
					SafariServices,
					"-framework",
					WebKit,
				);
				PRODUCT_BUNDLE_IDENTIFIER = com.jonbaker.still;
				PRODUCT_NAME = "$(TARGET_NAME)";
				STRING_CATALOG_GENERATE_SYMBOLS = YES;
				SWIFT_APPROACHABLE_CONCURRENCY = YES;
				SWIFT_DEFAULT_ACTOR_ISOLATION = MainActor;
				SWIFT_EMIT_LOC_STRINGS = YES;
				SWIFT_UPCOMING_FEATURE_MEMBER_IMPORT_VISIBILITY = YES;
				SWIFT_VERSION = 5.0;
				TARGETED_DEVICE_FAMILY = "1,2";
			};
			name = Debug;
		};
		FC81B1472F734DDF00E56099 /* Release */ = {
			isa = XCBuildConfiguration;
			buildSettings = {
				ASSETCATALOG_COMPILER_APPICON_NAME = AppIcon;
				ASSETCATALOG_COMPILER_GLOBAL_ACCENT_COLOR_NAME = AccentColor;
				CODE_SIGN_STYLE = Automatic;
				CURRENT_PROJECT_VERSION = 2;
				DEVELOPMENT_TEAM = 55XHFQJ4X3;
				GENERATE_INFOPLIST_FILE = YES;
				INFOPLIST_FILE = Still/Info.plist;
				INFOPLIST_KEY_CFBundleDisplayName = Still;
				INFOPLIST_KEY_UIApplicationSupportsIndirectInputEvents = YES;
				INFOPLIST_KEY_UILaunchStoryboardName = LaunchScreen;
				INFOPLIST_KEY_UIMainStoryboardFile = Main;
				INFOPLIST_KEY_UISupportedInterfaceOrientations_iPad = "UIInterfaceOrientationPortrait UIInterfaceOrientationPortraitUpsideDown UIInterfaceOrientationLandscapeLeft UIInterfaceOrientationLandscapeRight";
				INFOPLIST_KEY_UISupportedInterfaceOrientations_iPhone = "UIInterfaceOrientationPortrait UIInterfaceOrientationLandscapeLeft UIInterfaceOrientationLandscapeRight";
				IPHONEOS_DEPLOYMENT_TARGET = 15.0;
				LD_RUNPATH_SEARCH_PATHS = (
					"$(inherited)",
					"@executable_path/Frameworks",
				);
				MARKETING_VERSION = 1.3;
				OTHER_LDFLAGS = (
					"-framework",
					SafariServices,
					"-framework",
					WebKit,
				);
				PRODUCT_BUNDLE_IDENTIFIER = com.jonbaker.still;
				PRODUCT_NAME = "$(TARGET_NAME)";
				STRING_CATALOG_GENERATE_SYMBOLS = YES;
				SWIFT_APPROACHABLE_CONCURRENCY = YES;
				SWIFT_DEFAULT_ACTOR_ISOLATION = MainActor;
				SWIFT_EMIT_LOC_STRINGS = YES;
				SWIFT_UPCOMING_FEATURE_MEMBER_IMPORT_VISIBILITY = YES;
				SWIFT_VERSION = 5.0;
				TARGETED_DEVICE_FAMILY = "1,2";
			};
			name = Release;
		};
/* End XCBuildConfiguration section */

/* Begin XCConfigurationList section */
		FC81B1142F734DDE00E56099 /* Build configuration list for PBXProject "Still" */ = {
			isa = XCConfigurationList;
			buildConfigurations = (
				FC81B13F2F734DDF00E56099 /* Debug */,
				FC81B1402F734DDF00E56099 /* Release */,
			);
			defaultConfigurationIsVisible = 0;
			defaultConfigurationName = Release;
		};
		FC81B1412F734DDF00E56099 /* Build configuration list for PBXNativeTarget "Still Extension" */ = {
			isa = XCConfigurationList;
			buildConfigurations = (
				FC81B1422F734DDF00E56099 /* Debug */,
				FC81B1432F734DDF00E56099 /* Release */,
			);
			defaultConfigurationIsVisible = 0;
			defaultConfigurationName = Release;
		};
		FC81B1452F734DDF00E56099 /* Build configuration list for PBXNativeTarget "Still" */ = {
			isa = XCConfigurationList;
			buildConfigurations = (
				FC81B1462F734DDF00E56099 /* Debug */,
				FC81B1472F734DDF00E56099 /* Release */,
			);
			defaultConfigurationIsVisible = 0;
			defaultConfigurationName = Release;
		};
/* End XCConfigurationList section */
	};
	rootObject = FC81B1112F734DDE00E56099 /* Project object */;
}
