// !$*UTF8*$!
{
	archiveVersion = 1;
	classes = {
	};
	objectVersion = 77;
	objects = {

/* Begin PBXBuildFile section */
		FC59C47D2F6DF98B00189239 /* AppDelegate.swift in Sources */ = {isa = PBXBuildFile; fileRef = FC59C47C2F6DF98B00189239 /* AppDelegate.swift */; };
		FC59C4812F6DF98B00189239 /* Main.html in Resources */ = {isa = PBXBuildFile; fileRef = FC59C47F2F6DF98B00189239 /* Main.html */; };
		FC59C4832F6DF98B00189239 /* Icon.png in Resources */ = {isa = PBXBuildFile; fileRef = FC59C4822F6DF98B00189239 /* Icon.png */; };
		FC59C4852F6DF98B00189239 /* Style.css in Resources */ = {isa = PBXBuildFile; fileRef = FC59C4842F6DF98B00189239 /* Style.css */; };
		FC59C4872F6DF98B00189239 /* Script.js in Resources */ = {isa = PBXBuildFile; fileRef = FC59C4862F6DF98B00189239 /* Script.js */; };
		FC59C4892F6DF98B00189239 /* ViewController.swift in Sources */ = {isa = PBXBuildFile; fileRef = FC59C4882F6DF98B00189239 /* ViewController.swift */; };
		FC59C48C2F6DF98B00189239 /* Main.storyboard in Resources */ = {isa = PBXBuildFile; fileRef = FC59C48A2F6DF98B00189239 /* Main.storyboard */; };
		FC59C48E2F6DF98C00189239 /* Assets.xcassets in Resources */ = {isa = PBXBuildFile; fileRef = FC59C48D2F6DF98C00189239 /* Assets.xcassets */; };
		FC59C4952F6DF98C00189239 /* Still Extension.appex in Embed Foundation Extensions */ = {isa = PBXBuildFile; fileRef = FC59C4942F6DF98C00189239 /* Still Extension.appex */; settings = {ATTRIBUTES = (RemoveHeadersOnCopy, ); }; };
		FC59C49A2F6DF98C00189239 /* SafariWebExtensionHandler.swift in Sources */ = {isa = PBXBuildFile; fileRef = FC59C4992F6DF98C00189239 /* SafariWebExtensionHandler.swift */; };
		FC59C4AD2F6DF98D00189239 /* popup.js in Resources */ = {isa = PBXBuildFile; fileRef = FC59C4A62F6DF98D00189239 /* popup.js */; };
		FC59C4AE2F6DF98D00189239 /* background.js in Resources */ = {isa = PBXBuildFile; fileRef = FC59C4A72F6DF98D00189239 /* background.js */; };
		FC59C4AF2F6DF98D00189239 /* popup.html in Resources */ = {isa = PBXBuildFile; fileRef = FC59C4A82F6DF98D00189239 /* popup.html */; };
		FC59C4B02F6DF98D00189239 /* icons in Resources */ = {isa = PBXBuildFile; fileRef = FC59C4A92F6DF98D00189239 /* icons */; };
		FC59C4B12F6DF98D00189239 /* manifest.json in Resources */ = {isa = PBXBuildFile; fileRef = FC59C4AA2F6DF98D00189239 /* manifest.json */; };
		FC59C4B22F6DF98D00189239 /* popup.css in Resources */ = {isa = PBXBuildFile; fileRef = FC59C4AB2F6DF98D00189239 /* popup.css */; };
		FC59C4B32F6DF98D00189239 /* content.js in Resources */ = {isa = PBXBuildFile; fileRef = FC59C4AC2F6DF98D00189239 /* content.js */; };
/* End PBXBuildFile section */

/* Begin PBXContainerItemProxy section */
		FC59C4962F6DF98C00189239 /* PBXContainerItemProxy */ = {
			isa = PBXContainerItemProxy;
			containerPortal = FC59C4712F6DF98B00189239 /* Project object */;
			proxyType = 1;
			remoteGlobalIDString = FC59C4932F6DF98C00189239;
			remoteInfo = "Still Extension";
		};
/* End PBXContainerItemProxy section */

/* Begin PBXCopyFilesBuildPhase section */
		FC59C4A12F6DF98C00189239 /* Embed Foundation Extensions */ = {
			isa = PBXCopyFilesBuildPhase;
			buildActionMask = 2147483647;
			dstPath = "";
			dstSubfolderSpec = 13;
			files = (
				FC59C4952F6DF98C00189239 /* Still Extension.appex in Embed Foundation Extensions */,
			);
			name = "Embed Foundation Extensions";
			runOnlyForDeploymentPostprocessing = 0;
		};
/* End PBXCopyFilesBuildPhase section */

/* Begin PBXFileReference section */
		FC59C4792F6DF98B00189239 /* Still.app */ = {isa = PBXFileReference; explicitFileType = wrapper.application; includeInIndex = 0; path = Still.app; sourceTree = BUILT_PRODUCTS_DIR; };
		FC59C47C2F6DF98B00189239 /* AppDelegate.swift */ = {isa = PBXFileReference; lastKnownFileType = sourcecode.swift; path = AppDelegate.swift; sourceTree = "<group>"; };
		FC59C4802F6DF98B00189239 /* Base */ = {isa = PBXFileReference; lastKnownFileType = text.html; name = Base; path = Base.lproj/Main.html; sourceTree = "<group>"; };
		FC59C4822F6DF98B00189239 /* Icon.png */ = {isa = PBXFileReference; lastKnownFileType = image.png; path = Icon.png; sourceTree = "<group>"; };
		FC59C4842F6DF98B00189239 /* Style.css */ = {isa = PBXFileReference; lastKnownFileType = text.css; path = Style.css; sourceTree = "<group>"; };
		FC59C4862F6DF98B00189239 /* Script.js */ = {isa = PBXFileReference; lastKnownFileType = sourcecode.javascript; path = Script.js; sourceTree = "<group>"; };
		FC59C4882F6DF98B00189239 /* ViewController.swift */ = {isa = PBXFileReference; lastKnownFileType = sourcecode.swift; path = ViewController.swift; sourceTree = "<group>"; };
		FC59C48B2F6DF98B00189239 /* Base */ = {isa = PBXFileReference; lastKnownFileType = file.storyboard; name = Base; path = Base.lproj/Main.storyboard; sourceTree = "<group>"; };
		FC59C48D2F6DF98C00189239 /* Assets.xcassets */ = {isa = PBXFileReference; lastKnownFileType = folder.assetcatalog; path = Assets.xcassets; sourceTree = "<group>"; };
		FC59C48F2F6DF98C00189239 /* Info.plist */ = {isa = PBXFileReference; lastKnownFileType = text.plist.xml; path = Info.plist; sourceTree = "<group>"; };
		FC59C4942F6DF98C00189239 /* Still Extension.appex */ = {isa = PBXFileReference; explicitFileType = "wrapper.app-extension"; includeInIndex = 0; path = "Still Extension.appex"; sourceTree = BUILT_PRODUCTS_DIR; };
		FC59C4992F6DF98C00189239 /* SafariWebExtensionHandler.swift */ = {isa = PBXFileReference; lastKnownFileType = sourcecode.swift; path = SafariWebExtensionHandler.swift; sourceTree = "<group>"; };
		FC59C49B2F6DF98C00189239 /* Info.plist */ = {isa = PBXFileReference; lastKnownFileType = text.plist.xml; path = Info.plist; sourceTree = "<group>"; };
		FC59C4A62F6DF98D00189239 /* popup.js */ = {isa = PBXFileReference; lastKnownFileType = sourcecode.javascript; name = popup.js; path = "../../../web-extension/popup.js"; sourceTree = "<group>"; };
		FC59C4A72F6DF98D00189239 /* background.js */ = {isa = PBXFileReference; lastKnownFileType = sourcecode.javascript; name = background.js; path = "../../../web-extension/background.js"; sourceTree = "<group>"; };
		FC59C4A82F6DF98D00189239 /* popup.html */ = {isa = PBXFileReference; lastKnownFileType = text.html; name = popup.html; path = "../../../web-extension/popup.html"; sourceTree = "<group>"; };
		FC59C4A92F6DF98D00189239 /* icons */ = {isa = PBXFileReference; lastKnownFileType = folder; name = icons; path = "../../../web-extension/icons"; sourceTree = "<group>"; };
		FC59C4AA2F6DF98D00189239 /* manifest.json */ = {isa = PBXFileReference; lastKnownFileType = text.json; name = manifest.json; path = "../../../web-extension/manifest.json"; sourceTree = "<group>"; };
		FC59C4AB2F6DF98D00189239 /* popup.css */ = {isa = PBXFileReference; lastKnownFileType = text.css; name = popup.css; path = "../../../web-extension/popup.css"; sourceTree = "<group>"; };
		FC59C4AC2F6DF98D00189239 /* content.js */ = {isa = PBXFileReference; lastKnownFileType = sourcecode.javascript; name = content.js; path = "../../../web-extension/content.js"; sourceTree = "<group>"; };
/* End PBXFileReference section */

/* Begin PBXFrameworksBuildPhase section */
		FC59C4762F6DF98B00189239 /* Frameworks */ = {
			isa = PBXFrameworksBuildPhase;
			buildActionMask = 2147483647;
			files = (
			);
			runOnlyForDeploymentPostprocessing = 0;
		};
		FC59C4912F6DF98C00189239 /* Frameworks */ = {
			isa = PBXFrameworksBuildPhase;
			buildActionMask = 2147483647;
			files = (
			);
			runOnlyForDeploymentPostprocessing = 0;
		};
/* End PBXFrameworksBuildPhase section */

/* Begin PBXGroup section */
		FC59C4702F6DF98B00189239 = {
			isa = PBXGroup;
			children = (
				FC59C47B2F6DF98B00189239 /* Still */,
				FC59C4982F6DF98C00189239 /* Still Extension */,
				FC59C47A2F6DF98B00189239 /* Products */,
			);
			sourceTree = "<group>";
		};
		FC59C47A2F6DF98B00189239 /* Products */ = {
			isa = PBXGroup;
			children = (
				FC59C4792F6DF98B00189239 /* Still.app */,
				FC59C4942F6DF98C00189239 /* Still Extension.appex */,
			);
			name = Products;
			sourceTree = "<group>";
		};
		FC59C47B2F6DF98B00189239 /* Still */ = {
			isa = PBXGroup;
			children = (
				FC59C47C2F6DF98B00189239 /* AppDelegate.swift */,
				FC59C4882F6DF98B00189239 /* ViewController.swift */,
				FC59C48A2F6DF98B00189239 /* Main.storyboard */,
				FC59C48D2F6DF98C00189239 /* Assets.xcassets */,
				FC59C48F2F6DF98C00189239 /* Info.plist */,
				FC59C47E2F6DF98B00189239 /* Resources */,
			);
			path = Still;
			sourceTree = "<group>";
		};
		FC59C47E2F6DF98B00189239 /* Resources */ = {
			isa = PBXGroup;
			children = (
				FC59C47F2F6DF98B00189239 /* Main.html */,
				FC59C4822F6DF98B00189239 /* Icon.png */,
				FC59C4842F6DF98B00189239 /* Style.css */,
				FC59C4862F6DF98B00189239 /* Script.js */,
			);
			path = Resources;
			sourceTree = "<group>";
		};
		FC59C4982F6DF98C00189239 /* Still Extension */ = {
			isa = PBXGroup;
			children = (
				FC59C4A52F6DF98D00189239 /* Resources */,
				FC59C4992F6DF98C00189239 /* SafariWebExtensionHandler.swift */,
				FC59C49B2F6DF98C00189239 /* Info.plist */,
			);
			path = "Still Extension";
			sourceTree = "<group>";
		};
		FC59C4A52F6DF98D00189239 /* Resources */ = {
			isa = PBXGroup;
			children = (
				FC59C4A62F6DF98D00189239 /* popup.js */,
				FC59C4A72F6DF98D00189239 /* background.js */,
				FC59C4A82F6DF98D00189239 /* popup.html */,
				FC59C4A92F6DF98D00189239 /* icons */,
				FC59C4AA2F6DF98D00189239 /* manifest.json */,
				FC59C4AB2F6DF98D00189239 /* popup.css */,
				FC59C4AC2F6DF98D00189239 /* content.js */,
			);
			name = Resources;
			path = "Still Extension";
			sourceTree = SOURCE_ROOT;
		};
/* End PBXGroup section */

/* Begin PBXNativeTarget section */
		FC59C4782F6DF98B00189239 /* Still */ = {
			isa = PBXNativeTarget;
			buildConfigurationList = FC59C4A22F6DF98C00189239 /* Build configuration list for PBXNativeTarget "Still" */;
			buildPhases = (
				FC59C4752F6DF98B00189239 /* Sources */,
				FC59C4762F6DF98B00189239 /* Frameworks */,
				FC59C4772F6DF98B00189239 /* Resources */,
				FC59C4A12F6DF98C00189239 /* Embed Foundation Extensions */,
			);
			buildRules = (
			);
			dependencies = (
				FC59C4972F6DF98C00189239 /* PBXTargetDependency */,
			);
			name = Still;
			packageProductDependencies = (
			);
			productName = Still;
			productReference = FC59C4792F6DF98B00189239 /* Still.app */;
			productType = "com.apple.product-type.application";
		};
		FC59C4932F6DF98C00189239 /* Still Extension */ = {
			isa = PBXNativeTarget;
			buildConfigurationList = FC59C49E2F6DF98C00189239 /* Build configuration list for PBXNativeTarget "Still Extension" */;
			buildPhases = (
				FC59C4902F6DF98C00189239 /* Sources */,
				FC59C4912F6DF98C00189239 /* Frameworks */,
				FC59C4922F6DF98C00189239 /* Resources */,
			);
			buildRules = (
			);
			dependencies = (
			);
			name = "Still Extension";
			packageProductDependencies = (
			);
			productName = "Still Extension";
			productReference = FC59C4942F6DF98C00189239 /* Still Extension.appex */;
			productType = "com.apple.product-type.app-extension";
		};
/* End PBXNativeTarget section */

/* Begin PBXProject section */
		FC59C4712F6DF98B00189239 /* Project object */ = {
			isa = PBXProject;
			attributes = {
				BuildIndependentTargetsInParallel = 1;
				LastSwiftUpdateCheck = 2630;
				LastUpgradeCheck = 2630;
				TargetAttributes = {
					FC59C4782F6DF98B00189239 = {
						CreatedOnToolsVersion = 26.3;
					};
					FC59C4932F6DF98C00189239 = {
						CreatedOnToolsVersion = 26.3;
					};
				};
			};
			buildConfigurationList = FC59C4742F6DF98B00189239 /* Build configuration list for PBXProject "Still" */;
			developmentRegion = en;
			hasScannedForEncodings = 0;
			knownRegions = (
				en,
				Base,
			);
			mainGroup = FC59C4702F6DF98B00189239;
			minimizedProjectReferenceProxies = 1;
			preferredProjectObjectVersion = 77;
			productRefGroup = FC59C47A2F6DF98B00189239 /* Products */;
			projectDirPath = "";
			projectRoot = "";
			targets = (
				FC59C4782F6DF98B00189239 /* Still */,
				FC59C4932F6DF98C00189239 /* Still Extension */,
			);
		};
/* End PBXProject section */

/* Begin PBXResourcesBuildPhase section */
		FC59C4772F6DF98B00189239 /* Resources */ = {
			isa = PBXResourcesBuildPhase;
			buildActionMask = 2147483647;
			files = (
				FC59C4832F6DF98B00189239 /* Icon.png in Resources */,
				FC59C48C2F6DF98B00189239 /* Main.storyboard in Resources */,
				FC59C4872F6DF98B00189239 /* Script.js in Resources */,
				FC59C4812F6DF98B00189239 /* Main.html in Resources */,
				FC59C48E2F6DF98C00189239 /* Assets.xcassets in Resources */,
				FC59C4852F6DF98B00189239 /* Style.css in Resources */,
			);
			runOnlyForDeploymentPostprocessing = 0;
		};
		FC59C4922F6DF98C00189239 /* Resources */ = {
			isa = PBXResourcesBuildPhase;
			buildActionMask = 2147483647;
			files = (
				FC59C4AE2F6DF98D00189239 /* background.js in Resources */,
				FC59C4B02F6DF98D00189239 /* icons in Resources */,
				FC59C4B22F6DF98D00189239 /* popup.css in Resources */,
				FC59C4B12F6DF98D00189239 /* manifest.json in Resources */,
				FC59C4AF2F6DF98D00189239 /* popup.html in Resources */,
				FC59C4B32F6DF98D00189239 /* content.js in Resources */,
				FC59C4AD2F6DF98D00189239 /* popup.js in Resources */,
			);
			runOnlyForDeploymentPostprocessing = 0;
		};
/* End PBXResourcesBuildPhase section */

/* Begin PBXSourcesBuildPhase section */
		FC59C4752F6DF98B00189239 /* Sources */ = {
			isa = PBXSourcesBuildPhase;
			buildActionMask = 2147483647;
			files = (
				FC59C4892F6DF98B00189239 /* ViewController.swift in Sources */,
				FC59C47D2F6DF98B00189239 /* AppDelegate.swift in Sources */,
			);
			runOnlyForDeploymentPostprocessing = 0;
		};
		FC59C4902F6DF98C00189239 /* Sources */ = {
			isa = PBXSourcesBuildPhase;
			buildActionMask = 2147483647;
			files = (
				FC59C49A2F6DF98C00189239 /* SafariWebExtensionHandler.swift in Sources */,
			);
			runOnlyForDeploymentPostprocessing = 0;
		};
/* End PBXSourcesBuildPhase section */

/* Begin PBXTargetDependency section */
		FC59C4972F6DF98C00189239 /* PBXTargetDependency */ = {
			isa = PBXTargetDependency;
			target = FC59C4932F6DF98C00189239 /* Still Extension */;
			targetProxy = FC59C4962F6DF98C00189239 /* PBXContainerItemProxy */;
		};
/* End PBXTargetDependency section */

/* Begin PBXVariantGroup section */
		FC59C47F2F6DF98B00189239 /* Main.html */ = {
			isa = PBXVariantGroup;
			children = (
				FC59C4802F6DF98B00189239 /* Base */,
			);
			name = Main.html;
			sourceTree = "<group>";
		};
		FC59C48A2F6DF98B00189239 /* Main.storyboard */ = {
			isa = PBXVariantGroup;
			children = (
				FC59C48B2F6DF98B00189239 /* Base */,
			);
			name = Main.storyboard;
			sourceTree = "<group>";
		};
/* End PBXVariantGroup section */

/* Begin XCBuildConfiguration section */
		FC59C49C2F6DF98C00189239 /* Debug */ = {
			isa = XCBuildConfiguration;
			buildSettings = {
				ALWAYS_SEARCH_USER_PATHS = NO;
				ASSETCATALOG_COMPILER_GENERATE_SWIFT_ASSET_SYMBOL_EXTENSIONS = YES;
				CLANG_ANALYZER_NONNULL = YES;
				CLANG_ANALYZER_NUMBER_OBJECT_CONVERSION = YES_AGGRESSIVE;
				CLANG_CXX_LANGUAGE_STANDARD = "gnu++20";
				CLANG_ENABLE_MODULES = YES;
				CLANG_ENABLE_OBJC_ARC = YES;
				CLANG_ENABLE_OBJC_WEAK = YES;
				CLANG_WARN_BLOCK_CAPTURE_AUTORELEASING = YES;
				CLANG_WARN_BOOL_CONVERSION = YES;
				CLANG_WARN_COMMA = YES;
				CLANG_WARN_CONSTANT_CONVERSION = YES;
				CLANG_WARN_DEPRECATED_OBJC_IMPLEMENTATIONS = YES;
				CLANG_WARN_DIRECT_OBJC_ISA_USAGE = YES_ERROR;
				CLANG_WARN_DOCUMENTATION_COMMENTS = YES;
				CLANG_WARN_EMPTY_BODY = YES;
				CLANG_WARN_ENUM_CONVERSION = YES;
				CLANG_WARN_INFINITE_RECURSION = YES;
				CLANG_WARN_INT_CONVERSION = YES;
				CLANG_WARN_NON_LITERAL_NULL_CONVERSION = YES;
				CLANG_WARN_OBJC_IMPLICIT_RETAIN_SELF = YES;
				CLANG_WARN_OBJC_LITERAL_CONVERSION = YES;
				CLANG_WARN_OBJC_ROOT_CLASS = YES_ERROR;
				CLANG_WARN_QUOTED_INCLUDE_IN_FRAMEWORK_HEADER = YES;
				CLANG_WARN_RANGE_LOOP_ANALYSIS = YES;
				CLANG_WARN_STRICT_PROTOTYPES = YES;
				CLANG_WARN_SUSPICIOUS_MOVE = YES;
				CLANG_WARN_UNGUARDED_AVAILABILITY = YES_AGGRESSIVE;
				CLANG_WARN_UNREACHABLE_CODE = YES;
				CLANG_WARN__DUPLICATE_METHOD_MATCH = YES;
				COPY_PHASE_STRIP = NO;
				DEBUG_INFORMATION_FORMAT = dwarf;
				ENABLE_STRICT_OBJC_MSGSEND = YES;
				ENABLE_TESTABILITY = YES;
				ENABLE_USER_SCRIPT_SANDBOXING = YES;
				GCC_C_LANGUAGE_STANDARD = gnu17;
				GCC_DYNAMIC_NO_PIC = NO;
				GCC_NO_COMMON_BLOCKS = YES;
				GCC_OPTIMIZATION_LEVEL = 0;
				GCC_PREPROCESSOR_DEFINITIONS = (
					"DEBUG=1",
					"$(inherited)",
				);
				GCC_WARN_64_TO_32_BIT_CONVERSION = YES;
				GCC_WARN_ABOUT_RETURN_TYPE = YES_ERROR;
				GCC_WARN_UNDECLARED_SELECTOR = YES;
				GCC_WARN_UNINITIALIZED_AUTOS = YES_AGGRESSIVE;
				GCC_WARN_UNUSED_FUNCTION = YES;
				GCC_WARN_UNUSED_VARIABLE = YES;
				LOCALIZATION_PREFERS_STRING_CATALOGS = YES;
				MACOSX_DEPLOYMENT_TARGET = 26.2;
				MTL_ENABLE_DEBUG_INFO = INCLUDE_SOURCE;
				MTL_FAST_MATH = YES;
				ONLY_ACTIVE_ARCH = YES;
				SDKROOT = macosx;
				SWIFT_ACTIVE_COMPILATION_CONDITIONS = "DEBUG $(inherited)";
				SWIFT_OPTIMIZATION_LEVEL = "-Onone";
			};
			name = Debug;
		};
		FC59C49D2F6DF98C00189239 /* Release */ = {
			isa = XCBuildConfiguration;
			buildSettings = {
				ALWAYS_SEARCH_USER_PATHS = NO;
				ASSETCATALOG_COMPILER_GENERATE_SWIFT_ASSET_SYMBOL_EXTENSIONS = YES;
				CLANG_ANALYZER_NONNULL = YES;
				CLANG_ANALYZER_NUMBER_OBJECT_CONVERSION = YES_AGGRESSIVE;
				CLANG_CXX_LANGUAGE_STANDARD = "gnu++20";
				CLANG_ENABLE_MODULES = YES;
				CLANG_ENABLE_OBJC_ARC = YES;
				CLANG_ENABLE_OBJC_WEAK = YES;
				CLANG_WARN_BLOCK_CAPTURE_AUTORELEASING = YES;
				CLANG_WARN_BOOL_CONVERSION = YES;
				CLANG_WARN_COMMA = YES;
				CLANG_WARN_CONSTANT_CONVERSION = YES;
				CLANG_WARN_DEPRECATED_OBJC_IMPLEMENTATIONS = YES;
				CLANG_WARN_DIRECT_OBJC_ISA_USAGE = YES_ERROR;
				CLANG_WARN_DOCUMENTATION_COMMENTS = YES;
				CLANG_WARN_EMPTY_BODY = YES;
				CLANG_WARN_ENUM_CONVERSION = YES;
				CLANG_WARN_INFINITE_RECURSION = YES;
				CLANG_WARN_INT_CONVERSION = YES;
				CLANG_WARN_NON_LITERAL_NULL_CONVERSION = YES;
				CLANG_WARN_OBJC_IMPLICIT_RETAIN_SELF = YES;
				CLANG_WARN_OBJC_LITERAL_CONVERSION = YES;
				CLANG_WARN_OBJC_ROOT_CLASS = YES_ERROR;
				CLANG_WARN_QUOTED_INCLUDE_IN_FRAMEWORK_HEADER = YES;
				CLANG_WARN_RANGE_LOOP_ANALYSIS = YES;
				CLANG_WARN_STRICT_PROTOTYPES = YES;
				CLANG_WARN_SUSPICIOUS_MOVE = YES;
				CLANG_WARN_UNGUARDED_AVAILABILITY = YES_AGGRESSIVE;
				CLANG_WARN_UNREACHABLE_CODE = YES;
				CLANG_WARN__DUPLICATE_METHOD_MATCH = YES;
				COPY_PHASE_STRIP = NO;
				DEBUG_INFORMATION_FORMAT = "dwarf-with-dsym";
				ENABLE_NS_ASSERTIONS = NO;
				ENABLE_STRICT_OBJC_MSGSEND = YES;
				ENABLE_USER_SCRIPT_SANDBOXING = YES;
				GCC_C_LANGUAGE_STANDARD = gnu17;
				GCC_NO_COMMON_BLOCKS = YES;
				GCC_WARN_64_TO_32_BIT_CONVERSION = YES;
				GCC_WARN_ABOUT_RETURN_TYPE = YES_ERROR;
				GCC_WARN_UNDECLARED_SELECTOR = YES;
				GCC_WARN_UNINITIALIZED_AUTOS = YES_AGGRESSIVE;
				GCC_WARN_UNUSED_FUNCTION = YES;
				GCC_WARN_UNUSED_VARIABLE = YES;
				LOCALIZATION_PREFERS_STRING_CATALOGS = YES;
				MACOSX_DEPLOYMENT_TARGET = 26.2;
				MTL_ENABLE_DEBUG_INFO = NO;
				MTL_FAST_MATH = YES;
				SDKROOT = macosx;
				SWIFT_COMPILATION_MODE = wholemodule;
			};
			name = Release;
		};
		FC59C49F2F6DF98C00189239 /* Debug */ = {
			isa = XCBuildConfiguration;
			buildSettings = {
				"CODE_SIGN_IDENTITY[sdk=macosx*]" = "-";
				CODE_SIGN_STYLE = Automatic;
				CURRENT_PROJECT_VERSION = 1;
				DEVELOPMENT_TEAM = 55XHFQJ4X3;
				ENABLE_APP_SANDBOX = YES;
				ENABLE_HARDENED_RUNTIME = YES;
				ENABLE_USER_SELECTED_FILES = readonly;
				GENERATE_INFOPLIST_FILE = YES;
				INFOPLIST_FILE = "Still Extension/Info.plist";
				INFOPLIST_KEY_CFBundleDisplayName = "Still Extension";
				INFOPLIST_KEY_NSHumanReadableCopyright = "";
				LD_RUNPATH_SEARCH_PATHS = (
					"$(inherited)",
					"@executable_path/../Frameworks",
					"@executable_path/../../../../Frameworks",
				);
				MACOSX_DEPLOYMENT_TARGET = 10.14;
				MARKETING_VERSION = 1.0;
				OTHER_LDFLAGS = (
					"-framework",
					SafariServices,
				);
				PRODUCT_BUNDLE_IDENTIFIER = com.jonbaker.still.extension;
				PRODUCT_NAME = "$(TARGET_NAME)";
				SKIP_INSTALL = YES;
				STRING_CATALOG_GENERATE_SYMBOLS = YES;
				SWIFT_APPROACHABLE_CONCURRENCY = YES;
				SWIFT_EMIT_LOC_STRINGS = YES;
				SWIFT_UPCOMING_FEATURE_MEMBER_IMPORT_VISIBILITY = YES;
				SWIFT_VERSION = 5.0;
			};
			name = Debug;
		};
		FC59C4A02F6DF98C00189239 /* Release */ = {
			isa = XCBuildConfiguration;
			buildSettings = {
				"CODE_SIGN_IDENTITY[sdk=macosx*]" = "-";
				CODE_SIGN_STYLE = Automatic;
				CURRENT_PROJECT_VERSION = 1;
				DEVELOPMENT_TEAM = 55XHFQJ4X3;
				ENABLE_APP_SANDBOX = YES;
				ENABLE_HARDENED_RUNTIME = YES;
				ENABLE_USER_SELECTED_FILES = readonly;
				GENERATE_INFOPLIST_FILE = YES;
				INFOPLIST_FILE = "Still Extension/Info.plist";
				INFOPLIST_KEY_CFBundleDisplayName = "Still Extension";
				INFOPLIST_KEY_NSHumanReadableCopyright = "";
				LD_RUNPATH_SEARCH_PATHS = (
					"$(inherited)",
					"@executable_path/../Frameworks",
					"@executable_path/../../../../Frameworks",
				);
				MACOSX_DEPLOYMENT_TARGET = 10.14;
				MARKETING_VERSION = 1.0;
				OTHER_LDFLAGS = (
					"-framework",
					SafariServices,
				);
				PRODUCT_BUNDLE_IDENTIFIER = com.jonbaker.still.extension;
				PRODUCT_NAME = "$(TARGET_NAME)";
				SKIP_INSTALL = YES;
				STRING_CATALOG_GENERATE_SYMBOLS = YES;
				SWIFT_APPROACHABLE_CONCURRENCY = YES;
				SWIFT_EMIT_LOC_STRINGS = YES;
				SWIFT_UPCOMING_FEATURE_MEMBER_IMPORT_VISIBILITY = YES;
				SWIFT_VERSION = 5.0;
			};
			name = Release;
		};
		FC59C4A32F6DF98C00189239 /* Debug */ = {
			isa = XCBuildConfiguration;
			buildSettings = {
				ASSETCATALOG_COMPILER_APPICON_NAME = AppIcon;
				ASSETCATALOG_COMPILER_GLOBAL_ACCENT_COLOR_NAME = AccentColor;
				"CODE_SIGN_IDENTITY[sdk=macosx*]" = "-";
				CODE_SIGN_STYLE = Automatic;
				COMBINE_HIDPI_IMAGES = YES;
				CURRENT_PROJECT_VERSION = 1;
				DEVELOPMENT_TEAM = 55XHFQJ4X3;
				ENABLE_APP_SANDBOX = YES;
				ENABLE_HARDENED_RUNTIME = YES;
				ENABLE_OUTGOING_NETWORK_CONNECTIONS = YES;
				ENABLE_USER_SELECTED_FILES = readonly;
				GENERATE_INFOPLIST_FILE = YES;
				INFOPLIST_FILE = Still/Info.plist;
				INFOPLIST_KEY_CFBundleDisplayName = Still;
				INFOPLIST_KEY_NSHumanReadableCopyright = "";
				INFOPLIST_KEY_NSMainStoryboardFile = Main;
				INFOPLIST_KEY_NSPrincipalClass = NSApplication;
				LD_RUNPATH_SEARCH_PATHS = (
					"$(inherited)",
					"@executable_path/../Frameworks",
				);
				MARKETING_VERSION = 1.0;
				OTHER_LDFLAGS = (
					"-framework",
					SafariServices,
					"-framework",
					WebKit,
				);
				PRODUCT_BUNDLE_IDENTIFIER = com.jonbaker.still;
				PRODUCT_NAME = "$(TARGET_NAME)";
				REGISTER_APP_GROUPS = YES;
				STRING_CATALOG_GENERATE_SYMBOLS = YES;
				SWIFT_APPROACHABLE_CONCURRENCY = YES;
				SWIFT_DEFAULT_ACTOR_ISOLATION = MainActor;
				SWIFT_EMIT_LOC_STRINGS = YES;
				SWIFT_UPCOMING_FEATURE_MEMBER_IMPORT_VISIBILITY = YES;
				SWIFT_VERSION = 5.0;
			};
			name = Debug;
		};
		FC59C4A42F6DF98C00189239 /* Release */ = {
			isa = XCBuildConfiguration;
			buildSettings = {
				ASSETCATALOG_COMPILER_APPICON_NAME = AppIcon;
				ASSETCATALOG_COMPILER_GLOBAL_ACCENT_COLOR_NAME = AccentColor;
				"CODE_SIGN_IDENTITY[sdk=macosx*]" = "-";
				CODE_SIGN_STYLE = Automatic;
				COMBINE_HIDPI_IMAGES = YES;
				CURRENT_PROJECT_VERSION = 1;
				DEVELOPMENT_TEAM = 55XHFQJ4X3;
				ENABLE_APP_SANDBOX = YES;
				ENABLE_HARDENED_RUNTIME = YES;
				ENABLE_OUTGOING_NETWORK_CONNECTIONS = YES;
				ENABLE_USER_SELECTED_FILES = readonly;
				GENERATE_INFOPLIST_FILE = YES;
				INFOPLIST_FILE = Still/Info.plist;
				INFOPLIST_KEY_CFBundleDisplayName = Still;
				INFOPLIST_KEY_NSHumanReadableCopyright = "";
				INFOPLIST_KEY_NSMainStoryboardFile = Main;
				INFOPLIST_KEY_NSPrincipalClass = NSApplication;
				LD_RUNPATH_SEARCH_PATHS = (
					"$(inherited)",
					"@executable_path/../Frameworks",
				);
				MARKETING_VERSION = 1.0;
				OTHER_LDFLAGS = (
					"-framework",
					SafariServices,
					"-framework",
					WebKit,
				);
				PRODUCT_BUNDLE_IDENTIFIER = com.jonbaker.still;
				PRODUCT_NAME = "$(TARGET_NAME)";
				REGISTER_APP_GROUPS = YES;
				STRING_CATALOG_GENERATE_SYMBOLS = YES;
				SWIFT_APPROACHABLE_CONCURRENCY = YES;
				SWIFT_DEFAULT_ACTOR_ISOLATION = MainActor;
				SWIFT_EMIT_LOC_STRINGS = YES;
				SWIFT_UPCOMING_FEATURE_MEMBER_IMPORT_VISIBILITY = YES;
				SWIFT_VERSION = 5.0;
			};
			name = Release;
		};
/* End XCBuildConfiguration section */

/* Begin XCConfigurationList section */
		FC59C4742F6DF98B00189239 /* Build configuration list for PBXProject "Still" */ = {
			isa = XCConfigurationList;
			buildConfigurations = (
				FC59C49C2F6DF98C00189239 /* Debug */,
				FC59C49D2F6DF98C00189239 /* Release */,
			);
			defaultConfigurationIsVisible = 0;
			defaultConfigurationName = Release;
		};
		FC59C49E2F6DF98C00189239 /* Build configuration list for PBXNativeTarget "Still Extension" */ = {
			isa = XCConfigurationList;
			buildConfigurations = (
				FC59C49F2F6DF98C00189239 /* Debug */,
				FC59C4A02F6DF98C00189239 /* Release */,
			);
			defaultConfigurationIsVisible = 0;
			defaultConfigurationName = Release;
		};
		FC59C4A22F6DF98C00189239 /* Build configuration list for PBXNativeTarget "Still" */ = {
			isa = XCConfigurationList;
			buildConfigurations = (
				FC59C4A32F6DF98C00189239 /* Debug */,
				FC59C4A42F6DF98C00189239 /* Release */,
			);
			defaultConfigurationIsVisible = 0;
			defaultConfigurationName = Release;
		};
/* End XCConfigurationList section */
	};
	rootObject = FC59C4712F6DF98B00189239 /* Project object */;
}
